
Microsoft Visual Studio Solution File, Format Version 12.00
# Visual Studio Version 17
VisualStudioVersion = 17.9.34622.214
MinimumVisualStudioVersion = 10.0.40219.1
Project("{FAE04EC0-301F-11D3-BF4B-00C04F79EFBC}") = "BatchRenamer", "BatchRenamer\BatchRenamer.csproj", "{4FD8A7BD-25ED-427C-98F5-264666D09A08}"
EndProject
Global
	GlobalSection(SolutionConfigurationPlatforms) = preSolution
		Debug|Any CPU = Debug|Any CPU
		Release|Any CPU = Release|Any CPU
	EndGlobalSection
	GlobalSection(ProjectConfigurationPlatforms) = postSolution
		{4FD8A7BD-25ED-427C-98F5-264666D09A08}.Debug|Any CPU.ActiveCfg = Debug|Any CPU
		{4FD8A7BD-25ED-427C-98F5-264666D09A08}.Debug|Any CPU.Build.0 = Debug|Any CPU
		{4FD8A7BD-25ED-427C-98F5-264666D09A08}.Release|Any CPU.ActiveCfg = Release|Any CPU
		{4FD8A7BD-25ED-427C-98F5-264666D09A08}.Release|Any CPU.Build.0 = Release|Any CPU
	EndGlobalSection
	GlobalSection(SolutionProperties) = preSolution
		HideSolutionNode = FALSE
	EndGlobalSection
	GlobalSection(ExtensibilityGlobals) = postSolution
		SolutionGuid = {3F85CB5B-3268-43EE-97CC-361EBC474425}
	EndGlobalSection
EndGlobal
